// !$*UTF8*$!
{
	archiveVersion = 1;
	classes = {
	};
	objectVersion = 56;
	objects = {

/* Begin PBXBuildFile section */
		491471E82AFAD9B000FE5DE2 /* AppDelegate.swift in Sources */ = {isa = PBXBuildFile; fileRef = 491471E72AFAD9B000FE5DE2 /* AppDelegate.swift */; };
		491471EA2AFAD9B000FE5DE2 /* SceneDelegate.swift in Sources */ = {isa = PBXBuildFile; fileRef = 491471E92AFAD9B000FE5DE2 /* SceneDelegate.swift */; };
		491471EC2AFAD9B100FE5DE2 /* AnimationViewController.swift in Sources */ = {isa = PBXBuildFile; fileRef = 491471EB2AFAD9B100FE5DE2 /* AnimationViewController.swift */; };
		491471EF2AFAD9B100FE5DE2 /* Main.storyboard in Resources */ = {isa = PBXBuildFile; fileRef = 491471ED2AFAD9B100FE5DE2 /* Main.storyboard */; };
		491471F12AFAD9B200FE5DE2 /* Assets.xcassets in Resources */ = {isa = PBXBuildFile; fileRef = 491471F02AFAD9B200FE5DE2 /* Assets.xcassets */; };
		491471F42AFAD9B200FE5DE2 /* LaunchScreen.storyboard in Resources */ = {isa = PBXBuildFile; fileRef = 491471F22AFAD9B200FE5DE2 /* LaunchScreen.storyboard */; };
		491471FD2AFADA0300FE5DE2 /* SpringAnimation in Frameworks */ = {isa = PBXBuildFile; productRef = 491471FC2AFADA0300FE5DE2 /* SpringAnimation */; };
		491471FF2AFBB36400FE5DE2 /* Animation.swift in Sources */ = {isa = PBXBuildFile; fileRef = 491471FE2AFBB36400FE5DE2 /* Animation.swift */; };
/* End PBXBuildFile section */

/* Begin PBXFileReference section */
		491471E42AFAD9B000FE5DE2 /* AnimationHWApp.app */ = {isa = PBXFileReference; explicitFileType = wrapper.application; includeInIndex = 0; path = AnimationHWApp.app; sourceTree = BUILT_PRODUCTS_DIR; };
		491471E72AFAD9B000FE5DE2 /* AppDelegate.swift */ = {isa = PBXFileReference; lastKnownFileType = sourcecode.swift; path = AppDelegate.swift; sourceTree = "<group>"; };
		491471E92AFAD9B000FE5DE2 /* SceneDelegate.swift */ = {isa = PBXFileReference; lastKnownFileType = sourcecode.swift; path = SceneDelegate.swift; sourceTree = "<group>"; };
		491471EB2AFAD9B100FE5DE2 /* AnimationViewController.swift */ = {isa = PBXFileReference; lastKnownFileType = sourcecode.swift; path = AnimationViewController.swift; sourceTree = "<group>"; };
		491471EE2AFAD9B100FE5DE2 /* Base */ = {isa = PBXFileReference; lastKnownFileType = file.storyboard; name = Base; path = Base.lproj/Main.storyboard; sourceTree = "<group>"; };
		491471F02AFAD9B200FE5DE2 /* Assets.xcassets */ = {isa = PBXFileReference; lastKnownFileType = folder.assetcatalog; path = Assets.xcassets; sourceTree = "<group>"; };
		491471F32AFAD9B200FE5DE2 /* Base */ = {isa = PBXFileReference; lastKnownFileType = file.storyboard; name = Base; path = Base.lproj/LaunchScreen.storyboard; sourceTree = "<group>"; };
		491471F52AFAD9B200FE5DE2 /* Info.plist */ = {isa = PBXFileReference; lastKnownFileType = text.plist.xml; path = Info.plist; sourceTree = "<group>"; };
		491471FE2AFBB36400FE5DE2 /* Animation.swift */ = {isa = PBXFileReference; lastKnownFileType = sourcecode.swift; path = Animation.swift; sourceTree = "<group>"; };
/* End PBXFileReference section */

/* Begin PBXFrameworksBuildPhase section */
		491471E12AFAD9B000FE5DE2 /* Frameworks */ = {
			isa = PBXFrameworksBuildPhase;
			buildActionMask = 2147483647;
			files = (
				491471FD2AFADA0300FE5DE2 /* SpringAnimation in Frameworks */,
			);
			runOnlyForDeploymentPostprocessing = 0;
		};
/* End PBXFrameworksBuildPhase section */

/* Begin PBXGroup section */
		491471DB2AFAD9B000FE5DE2 = {
			isa = PBXGroup;
			children = (
				491471E62AFAD9B000FE5DE2 /* AnimationHWApp */,
				491471E52AFAD9B000FE5DE2 /* Products */,
			);
			sourceTree = "<group>";
		};
		491471E52AFAD9B000FE5DE2 /* Products */ = {
			isa = PBXGroup;
			children = (
				491471E42AFAD9B000FE5DE2 /* AnimationHWApp.app */,
			);
			name = Products;
			sourceTree = "<group>";
		};
		491471E62AFAD9B000FE5DE2 /* AnimationHWApp */ = {
			isa = PBXGroup;
			children = (
				491472032AFC0AEF00FE5DE2 /* App */,
				491472012AFC0A9700FE5DE2 /* Models */,
				491472022AFC0AB600FE5DE2 /* StoryBoards */,
				491472002AFC0A7100FE5DE2 /* ViewControllers */,
				491472042AFC0B0800FE5DE2 /* Resources */,
			);
			path = AnimationHWApp;
			sourceTree = "<group>";
		};
		491472002AFC0A7100FE5DE2 /* ViewControllers */ = {
			isa = PBXGroup;
			children = (
				491471EB2AFAD9B100FE5DE2 /* AnimationViewController.swift */,
			);
			path = ViewControllers;
			sourceTree = "<group>";
		};
		491472012AFC0A9700FE5DE2 /* Models */ = {
			isa = PBXGroup;
			children = (
				491471FE2AFBB36400FE5DE2 /* Animation.swift */,
			);
			path = Models;
			sourceTree = "<group>";
		};
		491472022AFC0AB600FE5DE2 /* StoryBoards */ = {
			isa = PBXGroup;
			children = (
				491471ED2AFAD9B100FE5DE2 /* Main.storyboard */,
				491471F22AFAD9B200FE5DE2 /* LaunchScreen.storyboard */,
			);
			path = StoryBoards;
			sourceTree = "<group>";
		};
		491472032AFC0AEF00FE5DE2 /* App */ = {
			isa = PBXGroup;
			children = (
				491471E72AFAD9B000FE5DE2 /* AppDelegate.swift */,
				491471E92AFAD9B000FE5DE2 /* SceneDelegate.swift */,
				491471F52AFAD9B200FE5DE2 /* Info.plist */,
			);
			path = App;
			sourceTree = "<group>";
		};
		491472042AFC0B0800FE5DE2 /* Resources */ = {
			isa = PBXGroup;
			children = (
				491471F02AFAD9B200FE5DE2 /* Assets.xcassets */,
			);
			path = Resources;
			sourceTree = "<group>";
		};
/* End PBXGroup section */

/* Begin PBXNativeTarget section */
		491471E32AFAD9B000FE5DE2 /* AnimationHWApp */ = {
			isa = PBXNativeTarget;
			buildConfigurationList = 491471F82AFAD9B200FE5DE2 /* Build configuration list for PBXNativeTarget "AnimationHWApp" */;
			buildPhases = (
				491471E02AFAD9B000FE5DE2 /* Sources */,
				491471E12AFAD9B000FE5DE2 /* Frameworks */,
				491471E22AFAD9B000FE5DE2 /* Resources */,
			);
			buildRules = (
			);
			dependencies = (
			);
			name = AnimationHWApp;
			packageProductDependencies = (
				491471FC2AFADA0300FE5DE2 /* SpringAnimation */,
			);
			productName = AnimationHWApp;
			productReference = 491471E42AFAD9B000FE5DE2 /* AnimationHWApp.app */;
			productType = "com.apple.product-type.application";
		};
/* End PBXNativeTarget section */

/* Begin PBXProject section */
		491471DC2AFAD9B000FE5DE2 /* Project object */ = {
			isa = PBXProject;
			attributes = {
				BuildIndependentTargetsInParallel = 1;
				LastSwiftUpdateCheck = 1500;
				LastUpgradeCheck = 1500;
				TargetAttributes = {
					491471E32AFAD9B000FE5DE2 = {
						CreatedOnToolsVersion = 15.0.1;
					};
				};
			};
			buildConfigurationList = 491471DF2AFAD9B000FE5DE2 /* Build configuration list for PBXProject "AnimationHWApp" */;
			compatibilityVersion = "Xcode 14.0";
			developmentRegion = en;
			hasScannedForEncodings = 0;
			knownRegions = (
				en,
				Base,
			);
			mainGroup = 491471DB2AFAD9B000FE5DE2;
			packageReferences = (
				491471FB2AFADA0300FE5DE2 /* XCRemoteSwiftPackageReference "SpringAnimation" */,
			);
			productRefGroup = 491471E52AFAD9B000FE5DE2 /* Products */;
			projectDirPath = "";
			projectRoot = "";
			targets = (
				491471E32AFAD9B000FE5DE2 /* AnimationHWApp */,
			);
		};
/* End PBXProject section */

/* Begin PBXResourcesBuildPhase section */
		491471E22AFAD9B000FE5DE2 /* Resources */ = {
			isa = PBXResourcesBuildPhase;
			buildActionMask = 2147483647;
			files = (
				491471F42AFAD9B200FE5DE2 /* LaunchScreen.storyboard in Resources */,
				491471F12AFAD9B200FE5DE2 /* Assets.xcassets in Resources */,
				491471EF2AFAD9B100FE5DE2 /* Main.storyboard in Resources */,
			);
			runOnlyForDeploymentPostprocessing = 0;
		};
/* End PBXResourcesBuildPhase section */

/* Begin PBXSourcesBuildPhase section */
		491471E02AFAD9B000FE5DE2 /* Sources */ = {
			isa = PBXSourcesBuildPhase;
			buildActionMask = 2147483647;
			files = (
				491471EC2AFAD9B100FE5DE2 /* AnimationViewController.swift in Sources */,
				491471E82AFAD9B000FE5DE2 /* AppDelegate.swift in Sources */,
				491471FF2AFBB36400FE5DE2 /* Animation.swift in Sources */,
				491471EA2AFAD9B000FE5DE2 /* SceneDelegate.swift in Sources */,
			);
			runOnlyForDeploymentPostprocessing = 0;
		};
/* End PBXSourcesBuildPhase section */

/* Begin PBXVariantGroup section */
		491471ED2AFAD9B100FE5DE2 /* Main.storyboard */ = {
			isa = PBXVariantGroup;
			children = (
				491471EE2AFAD9B100FE5DE2 /* Base */,
			);
			name = Main.storyboard;
			sourceTree = "<group>";
		};
		491471F22AFAD9B200FE5DE2 /* LaunchScreen.storyboard */ = {
			isa = PBXVariantGroup;
			children = (
				491471F32AFAD9B200FE5DE2 /* Base */,
			);
			name = LaunchScreen.storyboard;
			sourceTree = "<group>";
		};
/* End PBXVariantGroup section */

/* Begin XCBuildConfiguration section */
		491471F62AFAD9B200FE5DE2 /* Debug */ = {
			isa = XCBuildConfiguration;
			buildSettings = {
				ALWAYS_SEARCH_USER_PATHS = NO;
				ASSETCATALOG_COMPILER_GENERATE_SWIFT_ASSET_SYMBOL_EXTENSIONS = YES;
				CLANG_ANALYZER_NONNULL = YES;
				CLANG_ANALYZER_NUMBER_OBJECT_CONVERSION = YES_AGGRESSIVE;
				CLANG_CXX_LANGUAGE_STANDARD = "gnu++20";
				CLANG_ENABLE_MODULES = YES;
				CLANG_ENABLE_OBJC_ARC = YES;
				CLANG_ENABLE_OBJC_WEAK = YES;
				CLANG_WARN_BLOCK_CAPTURE_AUTORELEASING = YES;
				CLANG_WARN_BOOL_CONVERSION = YES;
				CLANG_WARN_COMMA = YES;
				CLANG_WARN_CONSTANT_CONVERSION = YES;
				CLANG_WARN_DEPRECATED_OBJC_IMPLEMENTATIONS = YES;
				CLANG_WARN_DIRECT_OBJC_ISA_USAGE = YES_ERROR;
				CLANG_WARN_DOCUMENTATION_COMMENTS = YES;
				CLANG_WARN_EMPTY_BODY = YES;
				CLANG_WARN_ENUM_CONVERSION = YES;
				CLANG_WARN_INFINITE_RECURSION = YES;
				CLANG_WARN_INT_CONVERSION = YES;
				CLANG_WARN_NON_LITERAL_NULL_CONVERSION = YES;
				CLANG_WARN_OBJC_IMPLICIT_RETAIN_SELF = YES;
				CLANG_WARN_OBJC_LITERAL_CONVERSION = YES;
				CLANG_WARN_OBJC_ROOT_CLASS = YES_ERROR;
				CLANG_WARN_QUOTED_INCLUDE_IN_FRAMEWORK_HEADER = YES;
				CLANG_WARN_RANGE_LOOP_ANALYSIS = YES;
				CLANG_WARN_STRICT_PROTOTYPES = YES;
				CLANG_WARN_SUSPICIOUS_MOVE = YES;
				CLANG_WARN_UNGUARDED_AVAILABILITY = YES_AGGRESSIVE;
				CLANG_WARN_UNREACHABLE_CODE = YES;
				CLANG_WARN__DUPLICATE_METHOD_MATCH = YES;
				COPY_PHASE_STRIP = NO;
				DEBUG_INFORMATION_FORMAT = dwarf;
				ENABLE_STRICT_OBJC_MSGSEND = YES;
				ENABLE_TESTABILITY = YES;
				ENABLE_USER_SCRIPT_SANDBOXING = YES;
				GCC_C_LANGUAGE_STANDARD = gnu17;
				GCC_DYNAMIC_NO_PIC = NO;
				GCC_NO_COMMON_BLOCKS = YES;
				GCC_OPTIMIZATION_LEVEL = 0;
				GCC_PREPROCESSOR_DEFINITIONS = (
					"DEBUG=1",
					"$(inherited)",
				);
				GCC_WARN_64_TO_32_BIT_CONVERSION = YES;
				GCC_WARN_ABOUT_RETURN_TYPE = YES_ERROR;
				GCC_WARN_UNDECLARED_SELECTOR = YES;
				GCC_WARN_UNINITIALIZED_AUTOS = YES_AGGRESSIVE;
				GCC_WARN_UNUSED_FUNCTION = YES;
				GCC_WARN_UNUSED_VARIABLE = YES;
				IPHONEOS_DEPLOYMENT_TARGET = 17.0;
				LOCALIZATION_PREFERS_STRING_CATALOGS = YES;
				MTL_ENABLE_DEBUG_INFO = INCLUDE_SOURCE;
				MTL_FAST_MATH = YES;
				ONLY_ACTIVE_ARCH = YES;
				SDKROOT = iphoneos;
				SWIFT_ACTIVE_COMPILATION_CONDITIONS = "DEBUG $(inherited)";
				SWIFT_OPTIMIZATION_LEVEL = "-Onone";
			};
			name = Debug;
		};
		491471F72AFAD9B200FE5DE2 /* Release */ = {
			isa = XCBuildConfiguration;
			buildSettings = {
				ALWAYS_SEARCH_USER_PATHS = NO;
				ASSETCATALOG_COMPILER_GENERATE_SWIFT_ASSET_SYMBOL_EXTENSIONS = YES;
				CLANG_ANALYZER_NONNULL = YES;
				CLANG_ANALYZER_NUMBER_OBJECT_CONVERSION = YES_AGGRESSIVE;
				CLANG_CXX_LANGUAGE_STANDARD = "gnu++20";
				CLANG_ENABLE_MODULES = YES;
				CLANG_ENABLE_OBJC_ARC = YES;
				CLANG_ENABLE_OBJC_WEAK = YES;
				CLANG_WARN_BLOCK_CAPTURE_AUTORELEASING = YES;
				CLANG_WARN_BOOL_CONVERSION = YES;
				CLANG_WARN_COMMA = YES;
				CLANG_WARN_CONSTANT_CONVERSION = YES;
				CLANG_WARN_DEPRECATED_OBJC_IMPLEMENTATIONS = YES;
				CLANG_WARN_DIRECT_OBJC_ISA_USAGE = YES_ERROR;
				CLANG_WARN_DOCUMENTATION_COMMENTS = YES;
				CLANG_WARN_EMPTY_BODY = YES;
				CLANG_WARN_ENUM_CONVERSION = YES;
				CLANG_WARN_INFINITE_RECURSION = YES;
				CLANG_WARN_INT_CONVERSION = YES;
				CLANG_WARN_NON_LITERAL_NULL_CONVERSION = YES;
				CLANG_WARN_OBJC_IMPLICIT_RETAIN_SELF = YES;
				CLANG_WARN_OBJC_LITERAL_CONVERSION = YES;
				CLANG_WARN_OBJC_ROOT_CLASS = YES_ERROR;
				CLANG_WARN_QUOTED_INCLUDE_IN_FRAMEWORK_HEADER = YES;
				CLANG_WARN_RANGE_LOOP_ANALYSIS = YES;
				CLANG_WARN_STRICT_PROTOTYPES = YES;
				CLANG_WARN_SUSPICIOUS_MOVE = YES;
				CLANG_WARN_UNGUARDED_AVAILABILITY = YES_AGGRESSIVE;
				CLANG_WARN_UNREACHABLE_CODE = YES;
				CLANG_WARN__DUPLICATE_METHOD_MATCH = YES;
				COPY_PHASE_STRIP = NO;
				DEBUG_INFORMATION_FORMAT = "dwarf-with-dsym";
				ENABLE_NS_ASSERTIONS = NO;
				ENABLE_STRICT_OBJC_MSGSEND = YES;
				ENABLE_USER_SCRIPT_SANDBOXING = YES;
				GCC_C_LANGUAGE_STANDARD = gnu17;
				GCC_NO_COMMON_BLOCKS = YES;
				GCC_WARN_64_TO_32_BIT_CONVERSION = YES;
				GCC_WARN_ABOUT_RETURN_TYPE = YES_ERROR;
				GCC_WARN_UNDECLARED_SELECTOR = YES;
				GCC_WARN_UNINITIALIZED_AUTOS = YES_AGGRESSIVE;
				GCC_WARN_UNUSED_FUNCTION = YES;
				GCC_WARN_UNUSED_VARIABLE = YES;
				IPHONEOS_DEPLOYMENT_TARGET = 17.0;
				LOCALIZATION_PREFERS_STRING_CATALOGS = YES;
				MTL_ENABLE_DEBUG_INFO = NO;
				MTL_FAST_MATH = YES;
				SDKROOT = iphoneos;
				SWIFT_COMPILATION_MODE = wholemodule;
				VALIDATE_PRODUCT = YES;
			};
			name = Release;
		};
		491471F92AFAD9B200FE5DE2 /* Debug */ = {
			isa = XCBuildConfiguration;
			buildSettings = {
				ASSETCATALOG_COMPILER_APPICON_NAME = AppIcon;
				ASSETCATALOG_COMPILER_GLOBAL_ACCENT_COLOR_NAME = AccentColor;
				CODE_SIGN_STYLE = Automatic;
				CURRENT_PROJECT_VERSION = 1;
				GENERATE_INFOPLIST_FILE = YES;
				INFOPLIST_FILE = AnimationHWApp/App/Info.plist;
				INFOPLIST_KEY_UIApplicationSupportsIndirectInputEvents = YES;
				INFOPLIST_KEY_UILaunchStoryboardName = LaunchScreen;
				INFOPLIST_KEY_UIMainStoryboardFile = Main;
				INFOPLIST_KEY_UISupportedInterfaceOrientations_iPad = "UIInterfaceOrientationPortrait UIInterfaceOrientationPortraitUpsideDown UIInterfaceOrientationLandscapeLeft UIInterfaceOrientationLandscapeRight";
				INFOPLIST_KEY_UISupportedInterfaceOrientations_iPhone = "UIInterfaceOrientationPortrait UIInterfaceOrientationLandscapeLeft UIInterfaceOrientationLandscapeRight";
				IPHONEOS_DEPLOYMENT_TARGET = 16.4;
				LD_RUNPATH_SEARCH_PATHS = (
					"$(inherited)",
					"@executable_path/Frameworks",
				);
				MARKETING_VERSION = 1.0;
				PRODUCT_BUNDLE_IDENTIFIER = ru.home.AnimationHWApp;
				PRODUCT_NAME = "$(TARGET_NAME)";
				SUPPORTED_PLATFORMS = "iphoneos iphonesimulator";
				SUPPORTS_MACCATALYST = NO;
				SUPPORTS_MAC_DESIGNED_FOR_IPHONE_IPAD = NO;
				SWIFT_EMIT_LOC_STRINGS = YES;
				SWIFT_VERSION = 5.0;
				TARGETED_DEVICE_FAMILY = 1;
			};
			name = Debug;
		};
		491471FA2AFAD9B200FE5DE2 /* Release */ = {
			isa = XCBuildConfiguration;
			buildSettings = {
				ASSETCATALOG_COMPILER_APPICON_NAME = AppIcon;
				ASSETCATALOG_COMPILER_GLOBAL_ACCENT_COLOR_NAME = AccentColor;
				CODE_SIGN_STYLE = Automatic;
				CURRENT_PROJECT_VERSION = 1;
				GENERATE_INFOPLIST_FILE = YES;
				INFOPLIST_FILE = AnimationHWApp/App/Info.plist;
				INFOPLIST_KEY_UIApplicationSupportsIndirectInputEvents = YES;
				INFOPLIST_KEY_UILaunchStoryboardName = LaunchScreen;
				INFOPLIST_KEY_UIMainStoryboardFile = Main;
				INFOPLIST_KEY_UISupportedInterfaceOrientations_iPad = "UIInterfaceOrientationPortrait UIInterfaceOrientationPortraitUpsideDown UIInterfaceOrientationLandscapeLeft UIInterfaceOrientationLandscapeRight";
				INFOPLIST_KEY_UISupportedInterfaceOrientations_iPhone = "UIInterfaceOrientationPortrait UIInterfaceOrientationLandscapeLeft UIInterfaceOrientationLandscapeRight";
				IPHONEOS_DEPLOYMENT_TARGET = 16.4;
				LD_RUNPATH_SEARCH_PATHS = (
					"$(inherited)",
					"@executable_path/Frameworks",
				);
				MARKETING_VERSION = 1.0;
				PRODUCT_BUNDLE_IDENTIFIER = ru.home.AnimationHWApp;
				PRODUCT_NAME = "$(TARGET_NAME)";
				SUPPORTED_PLATFORMS = "iphoneos iphonesimulator";
				SUPPORTS_MACCATALYST = NO;
				SUPPORTS_MAC_DESIGNED_FOR_IPHONE_IPAD = NO;
				SWIFT_EMIT_LOC_STRINGS = YES;
				SWIFT_VERSION = 5.0;
				TARGETED_DEVICE_FAMILY = 1;
			};
			name = Release;
		};
/* End XCBuildConfiguration section */

/* Begin XCConfigurationList section */
		491471DF2AFAD9B000FE5DE2 /* Build configuration list for PBXProject "AnimationHWApp" */ = {
			isa = XCConfigurationList;
			buildConfigurations = (
				491471F62AFAD9B200FE5DE2 /* Debug */,
				491471F72AFAD9B200FE5DE2 /* Release */,
			);
			defaultConfigurationIsVisible = 0;
			defaultConfigurationName = Release;
		};
		491471F82AFAD9B200FE5DE2 /* Build configuration list for PBXNativeTarget "AnimationHWApp" */ = {
			isa = XCConfigurationList;
			buildConfigurations = (
				491471F92AFAD9B200FE5DE2 /* Debug */,
				491471FA2AFAD9B200FE5DE2 /* Release */,
			);
			defaultConfigurationIsVisible = 0;
			defaultConfigurationName = Release;
		};
/* End XCConfigurationList section */

/* Begin XCRemoteSwiftPackageReference section */
		491471FB2AFADA0300FE5DE2 /* XCRemoteSwiftPackageReference "SpringAnimation" */ = {
			isa = XCRemoteSwiftPackageReference;
			repositoryURL = "https://github.com/LexDeBash/SpringAnimation.git";
			requirement = {
				kind = upToNextMajorVersion;
				minimumVersion = 0.3.0;
			};
		};
/* End XCRemoteSwiftPackageReference section */

/* Begin XCSwiftPackageProductDependency section */
		491471FC2AFADA0300FE5DE2 /* SpringAnimation */ = {
			isa = XCSwiftPackageProductDependency;
			package = 491471FB2AFADA0300FE5DE2 /* XCRemoteSwiftPackageReference "SpringAnimation" */;
			productName = SpringAnimation;
		};
/* End XCSwiftPackageProductDependency section */
	};
	rootObject = 491471DC2AFAD9B000FE5DE2 /* Project object */;
}
